
Microsoft Visual Studio Solution File, Format Version 12.00
# Visual Studio Version 17
VisualStudioVersion = 17.7.34221.43
MinimumVisualStudioVersion = 10.0.40219.1
Project("{FAE04EC0-301F-11D3-BF4B-00C04F79EFBC}") = "Module14", "Module14\Module14.csproj", "{2BD19CD9-A467-41F5-B6DC-3D10E901CF4F}"
EndProject
Global
	GlobalSection(SolutionConfigurationPlatforms) = preSolution
		Debug|Any CPU = Debug|Any CPU
		Release|Any CPU = Release|Any CPU
	EndGlobalSection
	GlobalSection(ProjectConfigurationPlatforms) = postSolution
		{2BD19CD9-A467-41F5-B6DC-3D10E901CF4F}.Debug|Any CPU.ActiveCfg = Debug|Any CPU
		{2BD19CD9-A467-41F5-B6DC-3D10E901CF4F}.Debug|Any CPU.Build.0 = Debug|Any CPU
		{2BD19CD9-A467-41F5-B6DC-3D10E901CF4F}.Release|Any CPU.ActiveCfg = Release|Any CPU
		{2BD19CD9-A467-41F5-B6DC-3D10E901CF4F}.Release|Any CPU.Build.0 = Release|Any CPU
	EndGlobalSection
	GlobalSection(SolutionProperties) = preSolution
		HideSolutionNode = FALSE
	EndGlobalSection
	GlobalSection(ExtensibilityGlobals) = postSolution
		SolutionGuid = {2078E19C-52AD-4009-B607-E4D09AB70D8B}
	EndGlobalSection
EndGlobal
